
Microsoft Visual Studio Solution File, Format Version 12.00
# Visual Studio Version 16
VisualStudioVersion = 16.0.35130.168
MinimumVisualStudioVersion = 10.0.40219.1
Project("{FAE04EC0-301F-11D3-BF4B-00C04F79EFBC}") = "progra1_2024", "progra1_2024\progra1_2024.csproj", "{14114B60-0164-480B-8AD7-DB985BBB1D6C}"
EndProject
Global
	GlobalSection(SolutionConfigurationPlatforms) = preSolution
		Debug|Any CPU = Debug|Any CPU
		Release|Any CPU = Release|Any CPU
	EndGlobalSection
	GlobalSection(ProjectConfigurationPlatforms) = postSolution
		{14114B60-0164-480B-8AD7-DB985BBB1D6C}.Debug|Any CPU.ActiveCfg = Debug|Any CPU
		{14114B60-0164-480B-8AD7-DB985BBB1D6C}.Debug|Any CPU.Build.0 = Debug|Any CPU
		{14114B60-0164-480B-8AD7-DB985BBB1D6C}.Release|Any CPU.ActiveCfg = Release|Any CPU
		{14114B60-0164-480B-8AD7-DB985BBB1D6C}.Release|Any CPU.Build.0 = Release|Any CPU
	EndGlobalSection
	GlobalSection(SolutionProperties) = preSolution
		HideSolutionNode = FALSE
	EndGlobalSection
	GlobalSection(ExtensibilityGlobals) = postSolution
		SolutionGuid = {9741771A-7471-4A92-927C-25C89EC11090}
	EndGlobalSection
EndGlobal
